// !$*UTF8*$!
{
	archiveVersion = 1;
	classes = {
	};
	objectVersion = 51;
	objects = {

/* Begin PBXBuildFile section */
		6F6240A023E49ED0004424D2 /* GoogleService-Info.plist in Resources */ = {isa = PBXBuildFile; fileRef = 6F62409F23E49ED0004424D2 /* GoogleService-Info.plist */; };
		6F6240A223E4B0B8004424D2 /* LoginViewController.swift in Sources */ = {isa = PBXBuildFile; fileRef = 6F6240A123E4B0B8004424D2 /* LoginViewController.swift */; };
		6FF9E98F23E46C8300B5E8E7 /* AppDelegate.swift in Sources */ = {isa = PBXBuildFile; fileRef = 6FF9E98E23E46C8300B5E8E7 /* AppDelegate.swift */; };
		6FF9E99123E46C8300B5E8E7 /* ViewController.swift in Sources */ = {isa = PBXBuildFile; fileRef = 6FF9E99023E46C8300B5E8E7 /* ViewController.swift */; };
		6FF9E99423E46C8300B5E8E7 /* Main.storyboard in Resources */ = {isa = PBXBuildFile; fileRef = 6FF9E99223E46C8300B5E8E7 /* Main.storyboard */; };
		6FF9E99623E46C8600B5E8E7 /* Assets.xcassets in Resources */ = {isa = PBXBuildFile; fileRef = 6FF9E99523E46C8600B5E8E7 /* Assets.xcassets */; };
		6FF9E99923E46C8600B5E8E7 /* LaunchScreen.storyboard in Resources */ = {isa = PBXBuildFile; fileRef = 6FF9E99723E46C8600B5E8E7 /* LaunchScreen.storyboard */; };
		6FF9E9A123E46D2300B5E8E7 /* RegistrationViewController.swift in Sources */ = {isa = PBXBuildFile; fileRef = 6FF9E9A023E46D2300B5E8E7 /* RegistrationViewController.swift */; };
		F7ECAC6CFE79B1ECF5C3C8CF /* Pods_HBOAPP.framework in Frameworks */ = {isa = PBXBuildFile; fileRef = 3D93B351F740FB3339F80C19 /* Pods_HBOAPP.framework */; };
/* End PBXBuildFile section */

/* Begin PBXFileReference section */
		3D93B351F740FB3339F80C19 /* Pods_HBOAPP.framework */ = {isa = PBXFileReference; explicitFileType = wrapper.framework; includeInIndex = 0; path = Pods_HBOAPP.framework; sourceTree = BUILT_PRODUCTS_DIR; };
		6F62409F23E49ED0004424D2 /* GoogleService-Info.plist */ = {isa = PBXFileReference; fileEncoding = 4; lastKnownFileType = text.plist.xml; path = "GoogleService-Info.plist"; sourceTree = "<group>"; };
		6F6240A123E4B0B8004424D2 /* LoginViewController.swift */ = {isa = PBXFileReference; lastKnownFileType = sourcecode.swift; path = LoginViewController.swift; sourceTree = "<group>"; };
		6FF9E98B23E46C8300B5E8E7 /* HBOAPP.app */ = {isa = PBXFileReference; explicitFileType = wrapper.application; includeInIndex = 0; path = HBOAPP.app; sourceTree = BUILT_PRODUCTS_DIR; };
		6FF9E98E23E46C8300B5E8E7 /* AppDelegate.swift */ = {isa = PBXFileReference; lastKnownFileType = sourcecode.swift; path = AppDelegate.swift; sourceTree = "<group>"; };
		6FF9E99023E46C8300B5E8E7 /* ViewController.swift */ = {isa = PBXFileReference; lastKnownFileType = sourcecode.swift; path = ViewController.swift; sourceTree = "<group>"; };
		6FF9E99323E46C8300B5E8E7 /* Base */ = {isa = PBXFileReference; lastKnownFileType = file.storyboard; name = Base; path = Base.lproj/Main.storyboard; sourceTree = "<group>"; };
		6FF9E99523E46C8600B5E8E7 /* Assets.xcassets */ = {isa = PBXFileReference; lastKnownFileType = folder.assetcatalog; path = Assets.xcassets; sourceTree = "<group>"; };
		6FF9E99823E46C8600B5E8E7 /* Base */ = {isa = PBXFileReference; lastKnownFileType = file.storyboard; name = Base; path = Base.lproj/LaunchScreen.storyboard; sourceTree = "<group>"; };
		6FF9E99A23E46C8600B5E8E7 /* Info.plist */ = {isa = PBXFileReference; lastKnownFileType = text.plist.xml; path = Info.plist; sourceTree = "<group>"; };
		6FF9E9A023E46D2300B5E8E7 /* RegistrationViewController.swift */ = {isa = PBXFileReference; lastKnownFileType = sourcecode.swift; path = RegistrationViewController.swift; sourceTree = "<group>"; };
		97D0028B68F413F40F07B9AA /* Pods-HBOAPP.release.xcconfig */ = {isa = PBXFileReference; includeInIndex = 1; lastKnownFileType = text.xcconfig; name = "Pods-HBOAPP.release.xcconfig"; path = "Target Support Files/Pods-HBOAPP/Pods-HBOAPP.release.xcconfig"; sourceTree = "<group>"; };
		EA3C58D3C7BE8689FC810028 /* Pods-HBOAPP.debug.xcconfig */ = {isa = PBXFileReference; includeInIndex = 1; lastKnownFileType = text.xcconfig; name = "Pods-HBOAPP.debug.xcconfig"; path = "Target Support Files/Pods-HBOAPP/Pods-HBOAPP.debug.xcconfig"; sourceTree = "<group>"; };
/* End PBXFileReference section */

/* Begin PBXFrameworksBuildPhase section */
		6FF9E98823E46C8300B5E8E7 /* Frameworks */ = {
			isa = PBXFrameworksBuildPhase;
			buildActionMask = 2147483647;
			files = (
				F7ECAC6CFE79B1ECF5C3C8CF /* Pods_HBOAPP.framework in Frameworks */,
			);
			runOnlyForDeploymentPostprocessing = 0;
		};
/* End PBXFrameworksBuildPhase section */

/* Begin PBXGroup section */
		54CDD787A556217435D60C6F /* Pods */ = {
			isa = PBXGroup;
			children = (
				EA3C58D3C7BE8689FC810028 /* Pods-HBOAPP.debug.xcconfig */,
				97D0028B68F413F40F07B9AA /* Pods-HBOAPP.release.xcconfig */,
			);
			path = Pods;
			sourceTree = "<group>";
		};
		6FF9E98223E46C8300B5E8E7 = {
			isa = PBXGroup;
			children = (
				6FF9E98D23E46C8300B5E8E7 /* HBOAPP */,
				6FF9E98C23E46C8300B5E8E7 /* Products */,
				54CDD787A556217435D60C6F /* Pods */,
				D3F450D54576B59093378A8F /* Frameworks */,
			);
			sourceTree = "<group>";
		};
		6FF9E98C23E46C8300B5E8E7 /* Products */ = {
			isa = PBXGroup;
			children = (
				6FF9E98B23E46C8300B5E8E7 /* HBOAPP.app */,
			);
			name = Products;
			sourceTree = "<group>";
		};
		6FF9E98D23E46C8300B5E8E7 /* HBOAPP */ = {
			isa = PBXGroup;
			children = (
				6F62409F23E49ED0004424D2 /* GoogleService-Info.plist */,
				6FF9E98E23E46C8300B5E8E7 /* AppDelegate.swift */,
				6FF9E99023E46C8300B5E8E7 /* ViewController.swift */,
				6FF9E99223E46C8300B5E8E7 /* Main.storyboard */,
				6FF9E99523E46C8600B5E8E7 /* Assets.xcassets */,
				6FF9E99723E46C8600B5E8E7 /* LaunchScreen.storyboard */,
				6FF9E99A23E46C8600B5E8E7 /* Info.plist */,
				6FF9E9A023E46D2300B5E8E7 /* RegistrationViewController.swift */,
				6F6240A123E4B0B8004424D2 /* LoginViewController.swift */,
			);
			path = HBOAPP;
			sourceTree = "<group>";
		};
		D3F450D54576B59093378A8F /* Frameworks */ = {
			isa = PBXGroup;
			children = (
				3D93B351F740FB3339F80C19 /* Pods_HBOAPP.framework */,
			);
			name = Frameworks;
			sourceTree = "<group>";
		};
/* End PBXGroup section */

/* Begin PBXNativeTarget section */
		6FF9E98A23E46C8300B5E8E7 /* HBOAPP */ = {
			isa = PBXNativeTarget;
			buildConfigurationList = 6FF9E99D23E46C8600B5E8E7 /* Build configuration list for PBXNativeTarget "HBOAPP" */;
			buildPhases = (
				D68F427782105262F2B6DB8B /* [CP] Check Pods Manifest.lock */,
				6FF9E98723E46C8300B5E8E7 /* Sources */,
				6FF9E98823E46C8300B5E8E7 /* Frameworks */,
				6FF9E98923E46C8300B5E8E7 /* Resources */,
				73A075F4F3BC635492E0B574 /* [CP] Embed Pods Frameworks */,
			);
			buildRules = (
			);
			dependencies = (
			);
			name = HBOAPP;
			productName = HBOAPP;
			productReference = 6FF9E98B23E46C8300B5E8E7 /* HBOAPP.app */;
			productType = "com.apple.product-type.application";
		};
/* End PBXNativeTarget section */

/* Begin PBXProject section */
		6FF9E98323E46C8300B5E8E7 /* Project object */ = {
			isa = PBXProject;
			attributes = {
				LastSwiftUpdateCheck = 1030;
				LastUpgradeCheck = 1030;
				ORGANIZATIONNAME = link;
				TargetAttributes = {
					6FF9E98A23E46C8300B5E8E7 = {
						CreatedOnToolsVersion = 10.3;
					};
				};
			};
			buildConfigurationList = 6FF9E98623E46C8300B5E8E7 /* Build configuration list for PBXProject "HBOAPP" */;
			compatibilityVersion = "Xcode 9.3";
			developmentRegion = en;
			hasScannedForEncodings = 0;
			knownRegions = (
				en,
				Base,
			);
			mainGroup = 6FF9E98223E46C8300B5E8E7;
			productRefGroup = 6FF9E98C23E46C8300B5E8E7 /* Products */;
			projectDirPath = "";
			projectRoot = "";
			targets = (
				6FF9E98A23E46C8300B5E8E7 /* HBOAPP */,
			);
		};
/* End PBXProject section */

/* Begin PBXResourcesBuildPhase section */
		6FF9E98923E46C8300B5E8E7 /* Resources */ = {
			isa = PBXResourcesBuildPhase;
			buildActionMask = 2147483647;
			files = (
				6FF9E99923E46C8600B5E8E7 /* LaunchScreen.storyboard in Resources */,
				6F6240A023E49ED0004424D2 /* GoogleService-Info.plist in Resources */,
				6FF9E99623E46C8600B5E8E7 /* Assets.xcassets in Resources */,
				6FF9E99423E46C8300B5E8E7 /* Main.storyboard in Resources */,
			);
			runOnlyForDeploymentPostprocessing = 0;
		};
/* End PBXResourcesBuildPhase section */

/* Begin PBXShellScriptBuildPhase section */
		73A075F4F3BC635492E0B574 /* [CP] Embed Pods Frameworks */ = {
			isa = PBXShellScriptBuildPhase;
			buildActionMask = 2147483647;
			files = (
			);
			inputFileListPaths = (
				"${PODS_ROOT}/Target Support Files/Pods-HBOAPP/Pods-HBOAPP-frameworks-${CONFIGURATION}-input-files.xcfilelist",
			);
			name = "[CP] Embed Pods Frameworks";
			outputFileListPaths = (
				"${PODS_ROOT}/Target Support Files/Pods-HBOAPP/Pods-HBOAPP-frameworks-${CONFIGURATION}-output-files.xcfilelist",
			);
			runOnlyForDeploymentPostprocessing = 0;
			shellPath = /bin/sh;
			shellScript = "\"${PODS_ROOT}/Target Support Files/Pods-HBOAPP/Pods-HBOAPP-frameworks.sh\"\n";
			showEnvVarsInLog = 0;
		};
		D68F427782105262F2B6DB8B /* [CP] Check Pods Manifest.lock */ = {
			isa = PBXShellScriptBuildPhase;
			buildActionMask = 2147483647;
			files = (
			);
			inputFileListPaths = (
			);
			inputPaths = (
				"${PODS_PODFILE_DIR_PATH}/Podfile.lock",
				"${PODS_ROOT}/Manifest.lock",
			);
			name = "[CP] Check Pods Manifest.lock";
			outputFileListPaths = (
			);
			outputPaths = (
				"$(DERIVED_FILE_DIR)/Pods-HBOAPP-checkManifestLockResult.txt",
			);
			runOnlyForDeploymentPostprocessing = 0;
			shellPath = /bin/sh;
			shellScript = "diff \"${PODS_PODFILE_DIR_PATH}/Podfile.lock\" \"${PODS_ROOT}/Manifest.lock\" > /dev/null\nif [ $? != 0 ] ; then\n    # print error to STDERR\n    echo \"error: The sandbox is not in sync with the Podfile.lock. Run 'pod install' or update your CocoaPods installation.\" >&2\n    exit 1\nfi\n# This output is used by Xcode 'outputs' to avoid re-running this script phase.\necho \"SUCCESS\" > \"${SCRIPT_OUTPUT_FILE_0}\"\n";
			showEnvVarsInLog = 0;
		};
/* End PBXShellScriptBuildPhase section */

/* Begin PBXSourcesBuildPhase section */
		6FF9E98723E46C8300B5E8E7 /* Sources */ = {
			isa = PBXSourcesBuildPhase;
			buildActionMask = 2147483647;
			files = (
				6F6240A223E4B0B8004424D2 /* LoginViewController.swift in Sources */,
				6FF9E9A123E46D2300B5E8E7 /* RegistrationViewController.swift in Sources */,
				6FF9E99123E46C8300B5E8E7 /* ViewController.swift in Sources */,
				6FF9E98F23E46C8300B5E8E7 /* AppDelegate.swift in Sources */,
			);
			runOnlyForDeploymentPostprocessing = 0;
		};
/* End PBXSourcesBuildPhase section */

/* Begin PBXVariantGroup section */
		6FF9E99223E46C8300B5E8E7 /* Main.storyboard */ = {
			isa = PBXVariantGroup;
			children = (
				6FF9E99323E46C8300B5E8E7 /* Base */,
			);
			name = Main.storyboard;
			sourceTree = "<group>";
		};
		6FF9E99723E46C8600B5E8E7 /* LaunchScreen.storyboard */ = {
			isa = PBXVariantGroup;
			children = (
				6FF9E99823E46C8600B5E8E7 /* Base */,
			);
			name = LaunchScreen.storyboard;
			sourceTree = "<group>";
		};
/* End PBXVariantGroup section */

/* Begin XCBuildConfiguration section */
		6FF9E99B23E46C8600B5E8E7 /* Debug */ = {
			isa = XCBuildConfiguration;
			buildSettings = {
				ALWAYS_SEARCH_USER_PATHS = NO;
				CLANG_ANALYZER_NONNULL = YES;
				CLANG_ANALYZER_NUMBER_OBJECT_CONVERSION = YES_AGGRESSIVE;
				CLANG_CXX_LANGUAGE_STANDARD = "gnu++14";
				CLANG_CXX_LIBRARY = "libc++";
				CLANG_ENABLE_MODULES = YES;
				CLANG_ENABLE_OBJC_ARC = YES;
				CLANG_ENABLE_OBJC_WEAK = YES;
				CLANG_WARN_BLOCK_CAPTURE_AUTORELEASING = YES;
				CLANG_WARN_BOOL_CONVERSION = YES;
				CLANG_WARN_COMMA = YES;
				CLANG_WARN_CONSTANT_CONVERSION = YES;
				CLANG_WARN_DEPRECATED_OBJC_IMPLEMENTATIONS = YES;
				CLANG_WARN_DIRECT_OBJC_ISA_USAGE = YES_ERROR;
				CLANG_WARN_DOCUMENTATION_COMMENTS = YES;
				CLANG_WARN_EMPTY_BODY = YES;
				CLANG_WARN_ENUM_CONVERSION = YES;
				CLANG_WARN_INFINITE_RECURSION = YES;
				CLANG_WARN_INT_CONVERSION = YES;
				CLANG_WARN_NON_LITERAL_NULL_CONVERSION = YES;
				CLANG_WARN_OBJC_IMPLICIT_RETAIN_SELF = YES;
				CLANG_WARN_OBJC_LITERAL_CONVERSION = YES;
				CLANG_WARN_OBJC_ROOT_CLASS = YES_ERROR;
				CLANG_WARN_RANGE_LOOP_ANALYSIS = YES;
				CLANG_WARN_STRICT_PROTOTYPES = YES;
				CLANG_WARN_SUSPICIOUS_MOVE = YES;
				CLANG_WARN_UNGUARDED_AVAILABILITY = YES_AGGRESSIVE;
				CLANG_WARN_UNREACHABLE_CODE = YES;
				CLANG_WARN__DUPLICATE_METHOD_MATCH = YES;
				CODE_SIGN_IDENTITY = "iPhone Developer";
				COPY_PHASE_STRIP = NO;
				DEBUG_INFORMATION_FORMAT = dwarf;
				ENABLE_STRICT_OBJC_MSGSEND = YES;
				ENABLE_TESTABILITY = YES;
				GCC_C_LANGUAGE_STANDARD = gnu11;
				GCC_DYNAMIC_NO_PIC = NO;
				GCC_NO_COMMON_BLOCKS = YES;
				GCC_OPTIMIZATION_LEVEL = 0;
				GCC_PREPROCESSOR_DEFINITIONS = (
					"DEBUG=1",
					"$(inherited)",
				);
				GCC_WARN_64_TO_32_BIT_CONVERSION = YES;
				GCC_WARN_ABOUT_RETURN_TYPE = YES_ERROR;
				GCC_WARN_UNDECLARED_SELECTOR = YES;
				GCC_WARN_UNINITIALIZED_AUTOS = YES_AGGRESSIVE;
				GCC_WARN_UNUSED_FUNCTION = YES;
				GCC_WARN_UNUSED_VARIABLE = YES;
				IPHONEOS_DEPLOYMENT_TARGET = 12.4;
				MTL_ENABLE_DEBUG_INFO = INCLUDE_SOURCE;
				MTL_FAST_MATH = YES;
				ONLY_ACTIVE_ARCH = YES;
				SDKROOT = iphoneos;
				SWIFT_ACTIVE_COMPILATION_CONDITIONS = DEBUG;
				SWIFT_OPTIMIZATION_LEVEL = "-Onone";
			};
			name = Debug;
		};
		6FF9E99C23E46C8600B5E8E7 /* Release */ = {
			isa = XCBuildConfiguration;
			buildSettings = {
				ALWAYS_SEARCH_USER_PATHS = NO;
				CLANG_ANALYZER_NONNULL = YES;
				CLANG_ANALYZER_NUMBER_OBJECT_CONVERSION = YES_AGGRESSIVE;
				CLANG_CXX_LANGUAGE_STANDARD = "gnu++14";
				CLANG_CXX_LIBRARY = "libc++";
				CLANG_ENABLE_MODULES = YES;
				CLANG_ENABLE_OBJC_ARC = YES;
				CLANG_ENABLE_OBJC_WEAK = YES;
				CLANG_WARN_BLOCK_CAPTURE_AUTORELEASING = YES;
				CLANG_WARN_BOOL_CONVERSION = YES;
				CLANG_WARN_COMMA = YES;
				CLANG_WARN_CONSTANT_CONVERSION = YES;
				CLANG_WARN_DEPRECATED_OBJC_IMPLEMENTATIONS = YES;
				CLANG_WARN_DIRECT_OBJC_ISA_USAGE = YES_ERROR;
				CLANG_WARN_DOCUMENTATION_COMMENTS = YES;
				CLANG_WARN_EMPTY_BODY = YES;
				CLANG_WARN_ENUM_CONVERSION = YES;
				CLANG_WARN_INFINITE_RECURSION = YES;
				CLANG_WARN_INT_CONVERSION = YES;
				CLANG_WARN_NON_LITERAL_NULL_CONVERSION = YES;
				CLANG_WARN_OBJC_IMPLICIT_RETAIN_SELF = YES;
				CLANG_WARN_OBJC_LITERAL_CONVERSION = YES;
				CLANG_WARN_OBJC_ROOT_CLASS = YES_ERROR;
				CLANG_WARN_RANGE_LOOP_ANALYSIS = YES;
				CLANG_WARN_STRICT_PROTOTYPES = YES;
				CLANG_WARN_SUSPICIOUS_MOVE = YES;
				CLANG_WARN_UNGUARDED_AVAILABILITY = YES_AGGRESSIVE;
				CLANG_WARN_UNREACHABLE_CODE = YES;
				CLANG_WARN__DUPLICATE_METHOD_MATCH = YES;
				CODE_SIGN_IDENTITY = "iPhone Developer";
				COPY_PHASE_STRIP = NO;
				DEBUG_INFORMATION_FORMAT = "dwarf-with-dsym";
				ENABLE_NS_ASSERTIONS = NO;
				ENABLE_STRICT_OBJC_MSGSEND = YES;
				GCC_C_LANGUAGE_STANDARD = gnu11;
				GCC_NO_COMMON_BLOCKS = YES;
				GCC_WARN_64_TO_32_BIT_CONVERSION = YES;
				GCC_WARN_ABOUT_RETURN_TYPE = YES_ERROR;
				GCC_WARN_UNDECLARED_SELECTOR = YES;
				GCC_WARN_UNINITIALIZED_AUTOS = YES_AGGRESSIVE;
				GCC_WARN_UNUSED_FUNCTION = YES;
				GCC_WARN_UNUSED_VARIABLE = YES;
				IPHONEOS_DEPLOYMENT_TARGET = 12.4;
				MTL_ENABLE_DEBUG_INFO = NO;
				MTL_FAST_MATH = YES;
				SDKROOT = iphoneos;
				SWIFT_COMPILATION_MODE = wholemodule;
				SWIFT_OPTIMIZATION_LEVEL = "-O";
				VALIDATE_PRODUCT = YES;
			};
			name = Release;
		};
		6FF9E99E23E46C8600B5E8E7 /* Debug */ = {
			isa = XCBuildConfiguration;
			baseConfigurationReference = EA3C58D3C7BE8689FC810028 /* Pods-HBOAPP.debug.xcconfig */;
			buildSettings = {
				ASSETCATALOG_COMPILER_APPICON_NAME = AppIcon;
				CODE_SIGN_STYLE = Automatic;
				INFOPLIST_FILE = HBOAPP/Info.plist;
				LD_RUNPATH_SEARCH_PATHS = (
					"$(inherited)",
					"@executable_path/Frameworks",
				);
				PRODUCT_BUNDLE_IDENTIFIER = com.lanka.HBOAPP;
				PRODUCT_NAME = "$(TARGET_NAME)";
				SWIFT_VERSION = 5.0;
				TARGETED_DEVICE_FAMILY = "1,2";
			};
			name = Debug;
		};
		6FF9E99F23E46C8600B5E8E7 /* Release */ = {
			isa = XCBuildConfiguration;
			baseConfigurationReference = 97D0028B68F413F40F07B9AA /* Pods-HBOAPP.release.xcconfig */;
			buildSettings = {
				ASSETCATALOG_COMPILER_APPICON_NAME = AppIcon;
				CODE_SIGN_STYLE = Automatic;
				INFOPLIST_FILE = HBOAPP/Info.plist;
				LD_RUNPATH_SEARCH_PATHS = (
					"$(inherited)",
					"@executable_path/Frameworks",
				);
				PRODUCT_BUNDLE_IDENTIFIER = com.lanka.HBOAPP;
				PRODUCT_NAME = "$(TARGET_NAME)";
				SWIFT_VERSION = 5.0;
				TARGETED_DEVICE_FAMILY = "1,2";
			};
			name = Release;
		};
/* End XCBuildConfiguration section */

/* Begin XCConfigurationList section */
		6FF9E98623E46C8300B5E8E7 /* Build configuration list for PBXProject "HBOAPP" */ = {
			isa = XCConfigurationList;
			buildConfigurations = (
				6FF9E99B23E46C8600B5E8E7 /* Debug */,
				6FF9E99C23E46C8600B5E8E7 /* Release */,
			);
			defaultConfigurationIsVisible = 0;
			defaultConfigurationName = Release;
		};
		6FF9E99D23E46C8600B5E8E7 /* Build configuration list for PBXNativeTarget "HBOAPP" */ = {
			isa = XCConfigurationList;
			buildConfigurations = (
				6FF9E99E23E46C8600B5E8E7 /* Debug */,
				6FF9E99F23E46C8600B5E8E7 /* Release */,
			);
			defaultConfigurationIsVisible = 0;
			defaultConfigurationName = Release;
		};
/* End XCConfigurationList section */
	};
	rootObject = 6FF9E98323E46C8300B5E8E7 /* Project object */;
}
